
Microsoft Visual Studio Solution File, Format Version 12.00
# Visual Studio Version 16
VisualStudioVersion = 16.0.29613.14
MinimumVisualStudioVersion = 10.0.40219.1
Project("{FAE04EC0-301F-11D3-BF4B-00C04F79EFBC}") = "Registro", "Registro.csproj", "{FE5E9672-6070-42B8-A1E8-B24F02DBD58C}"
EndProject
Global
	GlobalSection(SolutionConfigurationPlatforms) = preSolution
		Debug|Any CPU = Debug|Any CPU
		Release|Any CPU = Release|Any CPU
	EndGlobalSection
	GlobalSection(ProjectConfigurationPlatforms) = postSolution
		{FE5E9672-6070-42B8-A1E8-B24F02DBD58C}.Debug|Any CPU.ActiveCfg = Debug|Any CPU
		{FE5E9672-6070-42B8-A1E8-B24F02DBD58C}.Debug|Any CPU.Build.0 = Debug|Any CPU
		{FE5E9672-6070-42B8-A1E8-B24F02DBD58C}.Release|Any CPU.ActiveCfg = Release|Any CPU
		{FE5E9672-6070-42B8-A1E8-B24F02DBD58C}.Release|Any CPU.Build.0 = Release|Any CPU
	EndGlobalSection
	GlobalSection(SolutionProperties) = preSolution
		HideSolutionNode = FALSE
	EndGlobalSection
	GlobalSection(ExtensibilityGlobals) = postSolution
		SolutionGuid = {0488CB7B-5A83-4230-B231-EFE04515FE19}
	EndGlobalSection
EndGlobal
